
Microsoft Visual Studio Solution File, Format Version 12.00
# Visual Studio Version 16
VisualStudioVersion = 16.0.33801.447
MinimumVisualStudioVersion = 10.0.40219.1
Project("{FAE04EC0-301F-11D3-BF4B-00C04F79EFBC}") = "Entidades", "Entidades\Entidades.csproj", "{9638EF08-6B3B-4597-9A02-457F1F28A95B}"
EndProject
Project("{FAE04EC0-301F-11D3-BF4B-00C04F79EFBC}") = "Negocio", "Negocio\Negocio.csproj", "{81B8EAF9-B6E8-49F8-B9DD-F24D8C8CA978}"
EndProject
Project("{FAE04EC0-301F-11D3-BF4B-00C04F79EFBC}") = "AccesosDatos", "AccesosDatos\AccesosDatos.csproj", "{1C118081-C530-4BB9-AD81-8307034BF944}"
EndProject
Project("{FAE04EC0-301F-11D3-BF4B-00C04F79EFBC}") = "BoleteriaWebApi", "BoleteriaWebApi\BoleteriaWebApi.csproj", "{C23CD3E4-24CB-4649-9FF6-F3452D2DD4A1}"
EndProject
Global
	GlobalSection(SolutionConfigurationPlatforms) = preSolution
		Debug|Any CPU = Debug|Any CPU
		Release|Any CPU = Release|Any CPU
	EndGlobalSection
	GlobalSection(ProjectConfigurationPlatforms) = postSolution
		{9638EF08-6B3B-4597-9A02-457F1F28A95B}.Debug|Any CPU.ActiveCfg = Debug|Any CPU
		{9638EF08-6B3B-4597-9A02-457F1F28A95B}.Debug|Any CPU.Build.0 = Debug|Any CPU
		{9638EF08-6B3B-4597-9A02-457F1F28A95B}.Release|Any CPU.ActiveCfg = Release|Any CPU
		{9638EF08-6B3B-4597-9A02-457F1F28A95B}.Release|Any CPU.Build.0 = Release|Any CPU
		{81B8EAF9-B6E8-49F8-B9DD-F24D8C8CA978}.Debug|Any CPU.ActiveCfg = Debug|Any CPU
		{81B8EAF9-B6E8-49F8-B9DD-F24D8C8CA978}.Debug|Any CPU.Build.0 = Debug|Any CPU
		{81B8EAF9-B6E8-49F8-B9DD-F24D8C8CA978}.Release|Any CPU.ActiveCfg = Release|Any CPU
		{81B8EAF9-B6E8-49F8-B9DD-F24D8C8CA978}.Release|Any CPU.Build.0 = Release|Any CPU
		{1C118081-C530-4BB9-AD81-8307034BF944}.Debug|Any CPU.ActiveCfg = Debug|Any CPU
		{1C118081-C530-4BB9-AD81-8307034BF944}.Debug|Any CPU.Build.0 = Debug|Any CPU
		{1C118081-C530-4BB9-AD81-8307034BF944}.Release|Any CPU.ActiveCfg = Release|Any CPU
		{1C118081-C530-4BB9-AD81-8307034BF944}.Release|Any CPU.Build.0 = Release|Any CPU
		{C23CD3E4-24CB-4649-9FF6-F3452D2DD4A1}.Debug|Any CPU.ActiveCfg = Debug|Any CPU
		{C23CD3E4-24CB-4649-9FF6-F3452D2DD4A1}.Debug|Any CPU.Build.0 = Debug|Any CPU
		{C23CD3E4-24CB-4649-9FF6-F3452D2DD4A1}.Release|Any CPU.ActiveCfg = Release|Any CPU
		{C23CD3E4-24CB-4649-9FF6-F3452D2DD4A1}.Release|Any CPU.Build.0 = Release|Any CPU
	EndGlobalSection
	GlobalSection(SolutionProperties) = preSolution
		HideSolutionNode = FALSE
	EndGlobalSection
	GlobalSection(ExtensibilityGlobals) = postSolution
		SolutionGuid = {98385DCC-5AF8-4614-9E71-E686756BCFEC}
	EndGlobalSection
EndGlobal
